
Microsoft Visual Studio Solution File, Format Version 12.00
# Visual Studio Version 16
VisualStudioVersion = 16.0.30517.126
MinimumVisualStudioVersion = 10.0.40219.1
Project("{FAE04EC0-301F-11D3-BF4B-00C04F79EFBC}") = "newLaba1Vlad", "newLaba1Vlad\newLaba1Vlad.csproj", "{DD794FC7-1493-4EC3-AF75-BF4CFD54403C}"
EndProject
Global
	GlobalSection(SolutionConfigurationPlatforms) = preSolution
		Debug|Any CPU = Debug|Any CPU
		Release|Any CPU = Release|Any CPU
	EndGlobalSection
	GlobalSection(ProjectConfigurationPlatforms) = postSolution
		{DD794FC7-1493-4EC3-AF75-BF4CFD54403C}.Debug|Any CPU.ActiveCfg = Debug|Any CPU
		{DD794FC7-1493-4EC3-AF75-BF4CFD54403C}.Debug|Any CPU.Build.0 = Debug|Any CPU
		{DD794FC7-1493-4EC3-AF75-BF4CFD54403C}.Release|Any CPU.ActiveCfg = Release|Any CPU
		{DD794FC7-1493-4EC3-AF75-BF4CFD54403C}.Release|Any CPU.Build.0 = Release|Any CPU
	EndGlobalSection
	GlobalSection(SolutionProperties) = preSolution
		HideSolutionNode = FALSE
	EndGlobalSection
	GlobalSection(ExtensibilityGlobals) = postSolution
		SolutionGuid = {238AC412-402A-4E3D-914B-82818939E753}
	EndGlobalSection
EndGlobal
